
Microsoft Visual Studio Solution File, Format Version 12.00
# Visual Studio 15
VisualStudioVersion = 15.0.28010.2026
MinimumVisualStudioVersion = 10.0.40219.1
Project("{FAE04EC0-301F-11D3-BF4B-00C04F79EFBC}") = "EVAP.CMC.API", "EVAP.CMC.API\EVAP.CMC.API.csproj", "{A00A1FF9-36A4-4C9F-BFC9-ACA19BAB94CA}"
EndProject
Project("{2150E333-8FDC-42A3-9474-1A3956D46DE8}") = "Data", "Data", "{FC8E3EFF-E26E-4786-8105-9DC51D89C1FD}"
EndProject
Project("{FAE04EC0-301F-11D3-BF4B-00C04F79EFBC}") = "EVAP.CRS.Context", "EVAP.CRS.Context\EVAP.CRS.Context.csproj", "{44B7D650-4B00-4389-84AA-F44C40970513}"
EndProject
Project("{FAE04EC0-301F-11D3-BF4B-00C04F79EFBC}") = "EVAP.CRS.Repository", "EVAP.CRS.Repository\EVAP.CRS.Repository.csproj", "{9603F5B8-249C-4446-9F1A-9812F4CC4915}"
EndProject
Project("{2150E333-8FDC-42A3-9474-1A3956D46DE8}") = "Utilities", "Utilities", "{73944F6E-1BB6-4984-BDC7-3BF4D6964277}"
EndProject
Project("{FAE04EC0-301F-11D3-BF4B-00C04F79EFBC}") = "EVAP.CMC.Helpers", "EVAP.CMC.Helpers\EVAP.CMC.Helpers.csproj", "{09E60536-F657-4613-A65E-2CB27D8EA1A9}"
EndProject
Project("{2150E333-8FDC-42A3-9474-1A3956D46DE8}") = "Services", "Services", "{D3B69C20-BFB3-4F4B-B371-DADE268693C9}"
EndProject
Project("{FAE04EC0-301F-11D3-BF4B-00C04F79EFBC}") = "EVAP.CMC.Services", "EVAP.CMC.Services\EVAP.CMC.Services.csproj", "{E6E497F2-1863-4BC6-A325-AEBB77A599F5}"
EndProject
Project("{2150E333-8FDC-42A3-9474-1A3956D46DE8}") = "Web", "Web", "{17C69E82-47D1-4B1F-831B-160D2912B738}"
EndProject
Global
	GlobalSection(SolutionConfigurationPlatforms) = preSolution
		Debug|Any CPU = Debug|Any CPU
		Debug|x86 = Debug|x86
		Release|Any CPU = Release|Any CPU
		Release|x86 = Release|x86
	EndGlobalSection
	GlobalSection(ProjectConfigurationPlatforms) = postSolution
		{A00A1FF9-36A4-4C9F-BFC9-ACA19BAB94CA}.Debug|Any CPU.ActiveCfg = Debug|Any CPU
		{A00A1FF9-36A4-4C9F-BFC9-ACA19BAB94CA}.Debug|Any CPU.Build.0 = Debug|Any CPU
		{A00A1FF9-36A4-4C9F-BFC9-ACA19BAB94CA}.Debug|x86.ActiveCfg = Debug|x86
		{A00A1FF9-36A4-4C9F-BFC9-ACA19BAB94CA}.Debug|x86.Build.0 = Debug|x86
		{A00A1FF9-36A4-4C9F-BFC9-ACA19BAB94CA}.Release|Any CPU.ActiveCfg = Release|Any CPU
		{A00A1FF9-36A4-4C9F-BFC9-ACA19BAB94CA}.Release|Any CPU.Build.0 = Release|Any CPU
		{A00A1FF9-36A4-4C9F-BFC9-ACA19BAB94CA}.Release|x86.ActiveCfg = Release|x86
		{A00A1FF9-36A4-4C9F-BFC9-ACA19BAB94CA}.Release|x86.Build.0 = Release|x86
		{44B7D650-4B00-4389-84AA-F44C40970513}.Debug|Any CPU.ActiveCfg = Debug|Any CPU
		{44B7D650-4B00-4389-84AA-F44C40970513}.Debug|Any CPU.Build.0 = Debug|Any CPU
		{44B7D650-4B00-4389-84AA-F44C40970513}.Debug|x86.ActiveCfg = Debug|Any CPU
		{44B7D650-4B00-4389-84AA-F44C40970513}.Debug|x86.Build.0 = Debug|Any CPU
		{44B7D650-4B00-4389-84AA-F44C40970513}.Release|Any CPU.ActiveCfg = Release|Any CPU
		{44B7D650-4B00-4389-84AA-F44C40970513}.Release|Any CPU.Build.0 = Release|Any CPU
		{44B7D650-4B00-4389-84AA-F44C40970513}.Release|x86.ActiveCfg = Release|Any CPU
		{44B7D650-4B00-4389-84AA-F44C40970513}.Release|x86.Build.0 = Release|Any CPU
		{9603F5B8-249C-4446-9F1A-9812F4CC4915}.Debug|Any CPU.ActiveCfg = Debug|Any CPU
		{9603F5B8-249C-4446-9F1A-9812F4CC4915}.Debug|Any CPU.Build.0 = Debug|Any CPU
		{9603F5B8-249C-4446-9F1A-9812F4CC4915}.Debug|x86.ActiveCfg = Debug|Any CPU
		{9603F5B8-249C-4446-9F1A-9812F4CC4915}.Debug|x86.Build.0 = Debug|Any CPU
		{9603F5B8-249C-4446-9F1A-9812F4CC4915}.Release|Any CPU.ActiveCfg = Release|Any CPU
		{9603F5B8-249C-4446-9F1A-9812F4CC4915}.Release|Any CPU.Build.0 = Release|Any CPU
		{9603F5B8-249C-4446-9F1A-9812F4CC4915}.Release|x86.ActiveCfg = Release|Any CPU
		{9603F5B8-249C-4446-9F1A-9812F4CC4915}.Release|x86.Build.0 = Release|Any CPU
		{09E60536-F657-4613-A65E-2CB27D8EA1A9}.Debug|Any CPU.ActiveCfg = Debug|Any CPU
		{09E60536-F657-4613-A65E-2CB27D8EA1A9}.Debug|Any CPU.Build.0 = Debug|Any CPU
		{09E60536-F657-4613-A65E-2CB27D8EA1A9}.Debug|x86.ActiveCfg = Debug|Any CPU
		{09E60536-F657-4613-A65E-2CB27D8EA1A9}.Debug|x86.Build.0 = Debug|Any CPU
		{09E60536-F657-4613-A65E-2CB27D8EA1A9}.Release|Any CPU.ActiveCfg = Release|Any CPU
		{09E60536-F657-4613-A65E-2CB27D8EA1A9}.Release|Any CPU.Build.0 = Release|Any CPU
		{09E60536-F657-4613-A65E-2CB27D8EA1A9}.Release|x86.ActiveCfg = Release|Any CPU
		{09E60536-F657-4613-A65E-2CB27D8EA1A9}.Release|x86.Build.0 = Release|Any CPU
		{E6E497F2-1863-4BC6-A325-AEBB77A599F5}.Debug|Any CPU.ActiveCfg = Debug|Any CPU
		{E6E497F2-1863-4BC6-A325-AEBB77A599F5}.Debug|Any CPU.Build.0 = Debug|Any CPU
		{E6E497F2-1863-4BC6-A325-AEBB77A599F5}.Debug|x86.ActiveCfg = Debug|Any CPU
		{E6E497F2-1863-4BC6-A325-AEBB77A599F5}.Debug|x86.Build.0 = Debug|Any CPU
		{E6E497F2-1863-4BC6-A325-AEBB77A599F5}.Release|Any CPU.ActiveCfg = Release|Any CPU
		{E6E497F2-1863-4BC6-A325-AEBB77A599F5}.Release|Any CPU.Build.0 = Release|Any CPU
		{E6E497F2-1863-4BC6-A325-AEBB77A599F5}.Release|x86.ActiveCfg = Release|Any CPU
		{E6E497F2-1863-4BC6-A325-AEBB77A599F5}.Release|x86.Build.0 = Release|Any CPU
	EndGlobalSection
	GlobalSection(SolutionProperties) = preSolution
		HideSolutionNode = FALSE
	EndGlobalSection
	GlobalSection(NestedProjects) = preSolution
		{A00A1FF9-36A4-4C9F-BFC9-ACA19BAB94CA} = {17C69E82-47D1-4B1F-831B-160D2912B738}
		{44B7D650-4B00-4389-84AA-F44C40970513} = {FC8E3EFF-E26E-4786-8105-9DC51D89C1FD}
		{9603F5B8-249C-4446-9F1A-9812F4CC4915} = {FC8E3EFF-E26E-4786-8105-9DC51D89C1FD}
		{09E60536-F657-4613-A65E-2CB27D8EA1A9} = {73944F6E-1BB6-4984-BDC7-3BF4D6964277}
		{E6E497F2-1863-4BC6-A325-AEBB77A599F5} = {D3B69C20-BFB3-4F4B-B371-DADE268693C9}
	EndGlobalSection
	GlobalSection(ExtensibilityGlobals) = postSolution
		SolutionGuid = {78BD1EFF-0B40-40F2-83D0-928EFC5293FE}
	EndGlobalSection
EndGlobal
